
Microsoft Visual Studio Solution File, Format Version 12.00
# Visual Studio Version 17
VisualStudioVersion = 17.7.34202.233
MinimumVisualStudioVersion = 10.0.40219.1
Project("{FAE04EC0-301F-11D3-BF4B-00C04F79EFBC}") = "Basic Programs", "Basic Programs\Basic Programs.csproj", "{CC7368F1-1145-4AA9-BA25-93B877524C0C}"
EndProject
Project("{FAE04EC0-301F-11D3-BF4B-00C04F79EFBC}") = "Assignments", "Assignments\Assignments.csproj", "{87082B3D-303A-42D9-87F2-CF59D3DEAF4A}"
EndProject
Global
	GlobalSection(SolutionConfigurationPlatforms) = preSolution
		Debug|Any CPU = Debug|Any CPU
		Release|Any CPU = Release|Any CPU
	EndGlobalSection
	GlobalSection(ProjectConfigurationPlatforms) = postSolution
		{CC7368F1-1145-4AA9-BA25-93B877524C0C}.Debug|Any CPU.ActiveCfg = Debug|Any CPU
		{CC7368F1-1145-4AA9-BA25-93B877524C0C}.Debug|Any CPU.Build.0 = Debug|Any CPU
		{CC7368F1-1145-4AA9-BA25-93B877524C0C}.Release|Any CPU.ActiveCfg = Release|Any CPU
		{CC7368F1-1145-4AA9-BA25-93B877524C0C}.Release|Any CPU.Build.0 = Release|Any CPU
		{87082B3D-303A-42D9-87F2-CF59D3DEAF4A}.Debug|Any CPU.ActiveCfg = Debug|Any CPU
		{87082B3D-303A-42D9-87F2-CF59D3DEAF4A}.Debug|Any CPU.Build.0 = Debug|Any CPU
		{87082B3D-303A-42D9-87F2-CF59D3DEAF4A}.Release|Any CPU.ActiveCfg = Release|Any CPU
		{87082B3D-303A-42D9-87F2-CF59D3DEAF4A}.Release|Any CPU.Build.0 = Release|Any CPU
	EndGlobalSection
	GlobalSection(SolutionProperties) = preSolution
		HideSolutionNode = FALSE
	EndGlobalSection
	GlobalSection(ExtensibilityGlobals) = postSolution
		SolutionGuid = {C8E853AF-96E1-4001-A097-F8A7422D9D60}
	EndGlobalSection
EndGlobal
